
Microsoft Visual Studio Solution File, Format Version 12.00
# Visual Studio 15
VisualStudioVersion = 15.0.28307.572
MinimumVisualStudioVersion = 10.0.40219.1
Project("{FAE04EC0-301F-11D3-BF4B-00C04F79EFBC}") = "Linq_Join_Lambda_Expression", "ConsoleApp20\Linq_Join_Lambda_Expression.csproj", "{EC245DE0-F760-4448-A05D-00B7ACFDB78C}"
EndProject
Global
	GlobalSection(SolutionConfigurationPlatforms) = preSolution
		Debug|Any CPU = Debug|Any CPU
		Release|Any CPU = Release|Any CPU
	EndGlobalSection
	GlobalSection(ProjectConfigurationPlatforms) = postSolution
		{EC245DE0-F760-4448-A05D-00B7ACFDB78C}.Debug|Any CPU.ActiveCfg = Debug|Any CPU
		{EC245DE0-F760-4448-A05D-00B7ACFDB78C}.Debug|Any CPU.Build.0 = Debug|Any CPU
		{EC245DE0-F760-4448-A05D-00B7ACFDB78C}.Release|Any CPU.ActiveCfg = Release|Any CPU
		{EC245DE0-F760-4448-A05D-00B7ACFDB78C}.Release|Any CPU.Build.0 = Release|Any CPU
	EndGlobalSection
	GlobalSection(SolutionProperties) = preSolution
		HideSolutionNode = FALSE
	EndGlobalSection
	GlobalSection(ExtensibilityGlobals) = postSolution
		SolutionGuid = {EDFF9696-60D2-4125-807D-D42A7779788D}
	EndGlobalSection
EndGlobal
